
Microsoft Visual Studio Solution File, Format Version 12.00
# Visual Studio 2013
VisualStudioVersion = 12.0.40629.0
MinimumVisualStudioVersion = 10.0.40219.1
Project("{FAE04EC0-301F-11D3-BF4B-00C04F79EFBC}") = "Cofaco.SGQ", "Cofaco.SGQ\Cofaco.SGQ.csproj", "{63FFC8AF-BB9E-4425-BE01-51CF344A33AC}"
EndProject
Global
	GlobalSection(SolutionConfigurationPlatforms) = preSolution
		Debug|Any CPU = Debug|Any CPU
		Deploy [DEBUG]|Any CPU = Deploy [DEBUG]|Any CPU
		Deploy [RELEASE]|Any CPU = Deploy [RELEASE]|Any CPU
		Release|Any CPU = Release|Any CPU
	EndGlobalSection
	GlobalSection(ProjectConfigurationPlatforms) = postSolution
		{63FFC8AF-BB9E-4425-BE01-51CF344A33AC}.Debug|Any CPU.ActiveCfg = Debug|Any CPU
		{63FFC8AF-BB9E-4425-BE01-51CF344A33AC}.Debug|Any CPU.Build.0 = Debug|Any CPU
		{63FFC8AF-BB9E-4425-BE01-51CF344A33AC}.Deploy [DEBUG]|Any CPU.ActiveCfg = Deploy [DEBUG]|Any CPU
		{63FFC8AF-BB9E-4425-BE01-51CF344A33AC}.Deploy [DEBUG]|Any CPU.Build.0 = Deploy [DEBUG]|Any CPU
		{63FFC8AF-BB9E-4425-BE01-51CF344A33AC}.Deploy [RELEASE]|Any CPU.ActiveCfg = Deploy [RELEASE]|Any CPU
		{63FFC8AF-BB9E-4425-BE01-51CF344A33AC}.Deploy [RELEASE]|Any CPU.Build.0 = Deploy [RELEASE]|Any CPU
		{63FFC8AF-BB9E-4425-BE01-51CF344A33AC}.Release|Any CPU.ActiveCfg = Release|Any CPU
		{63FFC8AF-BB9E-4425-BE01-51CF344A33AC}.Release|Any CPU.Build.0 = Release|Any CPU
	EndGlobalSection
	GlobalSection(SolutionProperties) = preSolution
		HideSolutionNode = FALSE
	EndGlobalSection
EndGlobal
